
Microsoft Visual Studio Solution File, Format Version 12.00
# Visual Studio Version 17
VisualStudioVersion = 17.3.32929.385
MinimumVisualStudioVersion = 10.0.40219.1
Project("{FAE04EC0-301F-11D3-BF4B-00C04F79EFBC}") = "examplesCsharp", "examplesCsharp\examplesCsharp.csproj", "{64394FC6-CE45-473D-8932-CE29AB0451C1}"
EndProject
Project("{FAE04EC0-301F-11D3-BF4B-00C04F79EFBC}") = "mukemmelSayi", "mukemmelSayi\mukemmelSayi.csproj", "{0814F3F1-95F6-4414-8B7B-ACC9316A8439}"
EndProject
Project("{FAE04EC0-301F-11D3-BF4B-00C04F79EFBC}") = "asalSayi", "asalSayi\asalSayi.csproj", "{9A9B4DEF-646E-4B78-A2CF-A29EA7921C33}"
EndProject
Project("{FAE04EC0-301F-11D3-BF4B-00C04F79EFBC}") = "fibonacciSeries", "fibonacciSeries\fibonacciSeries.csproj", "{19FE5909-05E5-41A0-9D83-58718F791CC8}"
EndProject
Project("{FAE04EC0-301F-11D3-BF4B-00C04F79EFBC}") = "factorialOfANumber", "factorialOfANumber\factorialOfANumber.csproj", "{63535628-BC7E-42B5-A181-B7D4FB1393FD}"
EndProject
Project("{FAE04EC0-301F-11D3-BF4B-00C04F79EFBC}") = "arrayExample1", "arrayExample1\arrayExample1.csproj", "{71097AA1-7546-4BC8-BF97-398184514F2D}"
EndProject
Project("{FAE04EC0-301F-11D3-BF4B-00C04F79EFBC}") = "arrayExample2", "arrayExample2\arrayExample2.csproj", "{769687DF-614E-46C8-BED3-2CA0C4177942}"
EndProject
Project("{FAE04EC0-301F-11D3-BF4B-00C04F79EFBC}") = "arrayExample3", "arrayExample3\arrayExample3.csproj", "{072DE52F-DF53-44E4-838E-5BEF33AD8956}"
EndProject
Global
	GlobalSection(SolutionConfigurationPlatforms) = preSolution
		Debug|Any CPU = Debug|Any CPU
		Release|Any CPU = Release|Any CPU
	EndGlobalSection
	GlobalSection(ProjectConfigurationPlatforms) = postSolution
		{64394FC6-CE45-473D-8932-CE29AB0451C1}.Debug|Any CPU.ActiveCfg = Debug|Any CPU
		{64394FC6-CE45-473D-8932-CE29AB0451C1}.Debug|Any CPU.Build.0 = Debug|Any CPU
		{64394FC6-CE45-473D-8932-CE29AB0451C1}.Release|Any CPU.ActiveCfg = Release|Any CPU
		{64394FC6-CE45-473D-8932-CE29AB0451C1}.Release|Any CPU.Build.0 = Release|Any CPU
		{0814F3F1-95F6-4414-8B7B-ACC9316A8439}.Debug|Any CPU.ActiveCfg = Debug|Any CPU
		{0814F3F1-95F6-4414-8B7B-ACC9316A8439}.Debug|Any CPU.Build.0 = Debug|Any CPU
		{0814F3F1-95F6-4414-8B7B-ACC9316A8439}.Release|Any CPU.ActiveCfg = Release|Any CPU
		{0814F3F1-95F6-4414-8B7B-ACC9316A8439}.Release|Any CPU.Build.0 = Release|Any CPU
		{9A9B4DEF-646E-4B78-A2CF-A29EA7921C33}.Debug|Any CPU.ActiveCfg = Debug|Any CPU
		{9A9B4DEF-646E-4B78-A2CF-A29EA7921C33}.Debug|Any CPU.Build.0 = Debug|Any CPU
		{9A9B4DEF-646E-4B78-A2CF-A29EA7921C33}.Release|Any CPU.ActiveCfg = Release|Any CPU
		{9A9B4DEF-646E-4B78-A2CF-A29EA7921C33}.Release|Any CPU.Build.0 = Release|Any CPU
		{19FE5909-05E5-41A0-9D83-58718F791CC8}.Debug|Any CPU.ActiveCfg = Debug|Any CPU
		{19FE5909-05E5-41A0-9D83-58718F791CC8}.Debug|Any CPU.Build.0 = Debug|Any CPU
		{19FE5909-05E5-41A0-9D83-58718F791CC8}.Release|Any CPU.ActiveCfg = Release|Any CPU
		{19FE5909-05E5-41A0-9D83-58718F791CC8}.Release|Any CPU.Build.0 = Release|Any CPU
		{63535628-BC7E-42B5-A181-B7D4FB1393FD}.Debug|Any CPU.ActiveCfg = Debug|Any CPU
		{63535628-BC7E-42B5-A181-B7D4FB1393FD}.Debug|Any CPU.Build.0 = Debug|Any CPU
		{63535628-BC7E-42B5-A181-B7D4FB1393FD}.Release|Any CPU.ActiveCfg = Release|Any CPU
		{63535628-BC7E-42B5-A181-B7D4FB1393FD}.Release|Any CPU.Build.0 = Release|Any CPU
		{71097AA1-7546-4BC8-BF97-398184514F2D}.Debug|Any CPU.ActiveCfg = Debug|Any CPU
		{71097AA1-7546-4BC8-BF97-398184514F2D}.Debug|Any CPU.Build.0 = Debug|Any CPU
		{71097AA1-7546-4BC8-BF97-398184514F2D}.Release|Any CPU.ActiveCfg = Release|Any CPU
		{71097AA1-7546-4BC8-BF97-398184514F2D}.Release|Any CPU.Build.0 = Release|Any CPU
		{769687DF-614E-46C8-BED3-2CA0C4177942}.Debug|Any CPU.ActiveCfg = Debug|Any CPU
		{769687DF-614E-46C8-BED3-2CA0C4177942}.Debug|Any CPU.Build.0 = Debug|Any CPU
		{769687DF-614E-46C8-BED3-2CA0C4177942}.Release|Any CPU.ActiveCfg = Release|Any CPU
		{769687DF-614E-46C8-BED3-2CA0C4177942}.Release|Any CPU.Build.0 = Release|Any CPU
		{072DE52F-DF53-44E4-838E-5BEF33AD8956}.Debug|Any CPU.ActiveCfg = Debug|Any CPU
		{072DE52F-DF53-44E4-838E-5BEF33AD8956}.Debug|Any CPU.Build.0 = Debug|Any CPU
		{072DE52F-DF53-44E4-838E-5BEF33AD8956}.Release|Any CPU.ActiveCfg = Release|Any CPU
		{072DE52F-DF53-44E4-838E-5BEF33AD8956}.Release|Any CPU.Build.0 = Release|Any CPU
	EndGlobalSection
	GlobalSection(SolutionProperties) = preSolution
		HideSolutionNode = FALSE
	EndGlobalSection
	GlobalSection(ExtensibilityGlobals) = postSolution
		SolutionGuid = {4E4790EB-0D77-40B2-8575-CE42A1BFE04E}
	EndGlobalSection
EndGlobal
